
Microsoft Visual Studio Solution File, Format Version 12.00
# Visual Studio Version 17
VisualStudioVersion = 17.6.33829.357
MinimumVisualStudioVersion = 10.0.40219.1
Project("{FAE04EC0-301F-11D3-BF4B-00C04F79EFBC}") = "ZiminaPractic", "ZiminaPractic.csproj", "{6C55F4EF-C5CD-49B2-B1E9-6F61A547F1E7}"
EndProject
Global
	GlobalSection(SolutionConfigurationPlatforms) = preSolution
		Debug|Any CPU = Debug|Any CPU
		Release|Any CPU = Release|Any CPU
	EndGlobalSection
	GlobalSection(ProjectConfigurationPlatforms) = postSolution
		{6C55F4EF-C5CD-49B2-B1E9-6F61A547F1E7}.Debug|Any CPU.ActiveCfg = Debug|Any CPU
		{6C55F4EF-C5CD-49B2-B1E9-6F61A547F1E7}.Debug|Any CPU.Build.0 = Debug|Any CPU
		{6C55F4EF-C5CD-49B2-B1E9-6F61A547F1E7}.Release|Any CPU.ActiveCfg = Release|Any CPU
		{6C55F4EF-C5CD-49B2-B1E9-6F61A547F1E7}.Release|Any CPU.Build.0 = Release|Any CPU
	EndGlobalSection
	GlobalSection(SolutionProperties) = preSolution
		HideSolutionNode = FALSE
	EndGlobalSection
	GlobalSection(ExtensibilityGlobals) = postSolution
		SolutionGuid = {D2CE02E4-DDBC-4F6D-9FAE-9C7CEC13A2FA}
	EndGlobalSection
EndGlobal
